// !$*UTF8*$!
{
	archiveVersion = 1;
	classes = {
	};
	objectVersion = 77;
	objects = {

/* Begin PBXContainerItemProxy section */
		948AE8302F61CB6B0068E959 /* PBXContainerItemProxy */ = {
			isa = PBXContainerItemProxy;
			containerPortal = 948AE81A2F61CB6A0068E959 /* Project object */;
			proxyType = 1;
			remoteGlobalIDString = 948AE8212F61CB6A0068E959;
			remoteInfo = NotEnoughResins;
		};
		948AE83A2F61CB6B0068E959 /* PBXContainerItemProxy */ = {
			isa = PBXContainerItemProxy;
			containerPortal = 948AE81A2F61CB6A0068E959 /* Project object */;
			proxyType = 1;
			remoteGlobalIDString = 948AE8212F61CB6A0068E959;
			remoteInfo = NotEnoughResins;
		};
/* End PBXContainerItemProxy section */

/* Begin PBXFileReference section */
		948AE8222F61CB6A0068E959 /* NotEnoughResins.app */ = {isa = PBXFileReference; explicitFileType = wrapper.application; includeInIndex = 0; path = NotEnoughResins.app; sourceTree = BUILT_PRODUCTS_DIR; };
		948AE82F2F61CB6B0068E959 /* NotEnoughResinsTests.xctest */ = {isa = PBXFileReference; explicitFileType = wrapper.cfbundle; includeInIndex = 0; path = NotEnoughResinsTests.xctest; sourceTree = BUILT_PRODUCTS_DIR; };
		948AE8392F61CB6B0068E959 /* NotEnoughResinsUITests.xctest */ = {isa = PBXFileReference; explicitFileType = wrapper.cfbundle; includeInIndex = 0; path = NotEnoughResinsUITests.xctest; sourceTree = BUILT_PRODUCTS_DIR; };
/* End PBXFileReference section */

/* Begin PBXFileSystemSynchronizedRootGroup section */
		948AE8242F61CB6A0068E959 /* NotEnoughResins */ = {
			isa = PBXFileSystemSynchronizedRootGroup;
			path = NotEnoughResins;
			sourceTree = "<group>";
		};
		948AE8322F61CB6B0068E959 /* NotEnoughResinsTests */ = {
			isa = PBXFileSystemSynchronizedRootGroup;
			path = NotEnoughResinsTests;
			sourceTree = "<group>";
		};
		948AE83C2F61CB6B0068E959 /* NotEnoughResinsUITests */ = {
			isa = PBXFileSystemSynchronizedRootGroup;
			path = NotEnoughResinsUITests;
			sourceTree = "<group>";
		};
/* End PBXFileSystemSynchronizedRootGroup section */

/* Begin PBXFrameworksBuildPhase section */
		948AE81F2F61CB6A0068E959 /* Frameworks */ = {
			isa = PBXFrameworksBuildPhase;
			buildActionMask = 2147483647;
			files = (
			);
			runOnlyForDeploymentPostprocessing = 0;
		};
		948AE82C2F61CB6B0068E959 /* Frameworks */ = {
			isa = PBXFrameworksBuildPhase;
			buildActionMask = 2147483647;
			files = (
			);
			runOnlyForDeploymentPostprocessing = 0;
		};
		948AE8362F61CB6B0068E959 /* Frameworks */ = {
			isa = PBXFrameworksBuildPhase;
			buildActionMask = 2147483647;
			files = (
			);
			runOnlyForDeploymentPostprocessing = 0;
		};
/* End PBXFrameworksBuildPhase section */

/* Begin PBXGroup section */
		948AE8192F61CB6A0068E959 = {
			isa = PBXGroup;
			children = (
				948AE8242F61CB6A0068E959 /* NotEnoughResins */,
				948AE8322F61CB6B0068E959 /* NotEnoughResinsTests */,
				948AE83C2F61CB6B0068E959 /* NotEnoughResinsUITests */,
				948AE8232F61CB6A0068E959 /* Products */,
			);
			sourceTree = "<group>";
		};
		948AE8232F61CB6A0068E959 /* Products */ = {
			isa = PBXGroup;
			children = (
				948AE8222F61CB6A0068E959 /* NotEnoughResins.app */,
				948AE82F2F61CB6B0068E959 /* NotEnoughResinsTests.xctest */,
				948AE8392F61CB6B0068E959 /* NotEnoughResinsUITests.xctest */,
			);
			name = Products;
			sourceTree = "<group>";
		};
/* End PBXGroup section */

/* Begin PBXNativeTarget section */
		948AE8212F61CB6A0068E959 /* NotEnoughResins */ = {
			isa = PBXNativeTarget;
			buildConfigurationList = 948AE8432F61CB6B0068E959 /* Build configuration list for PBXNativeTarget "NotEnoughResins" */;
			buildPhases = (
				948AE81E2F61CB6A0068E959 /* Sources */,
				948AE81F2F61CB6A0068E959 /* Frameworks */,
				948AE8202F61CB6A0068E959 /* Resources */,
				94F550742F630A3E00AAFE27 /* ShellScript */,
			);
			buildRules = (
			);
			dependencies = (
			);
			fileSystemSynchronizedGroups = (
				948AE8242F61CB6A0068E959 /* NotEnoughResins */,
			);
			name = NotEnoughResins;
			packageProductDependencies = (
			);
			productName = NotEnoughResins;
			productReference = 948AE8222F61CB6A0068E959 /* NotEnoughResins.app */;
			productType = "com.apple.product-type.application";
		};
		948AE82E2F61CB6B0068E959 /* NotEnoughResinsTests */ = {
			isa = PBXNativeTarget;
			buildConfigurationList = 948AE8462F61CB6B0068E959 /* Build configuration list for PBXNativeTarget "NotEnoughResinsTests" */;
			buildPhases = (
				948AE82B2F61CB6B0068E959 /* Sources */,
				948AE82C2F61CB6B0068E959 /* Frameworks */,
				948AE82D2F61CB6B0068E959 /* Resources */,
			);
			buildRules = (
			);
			dependencies = (
				948AE8312F61CB6B0068E959 /* PBXTargetDependency */,
			);
			fileSystemSynchronizedGroups = (
				948AE8322F61CB6B0068E959 /* NotEnoughResinsTests */,
			);
			name = NotEnoughResinsTests;
			packageProductDependencies = (
			);
			productName = NotEnoughResinsTests;
			productReference = 948AE82F2F61CB6B0068E959 /* NotEnoughResinsTests.xctest */;
			productType = "com.apple.product-type.bundle.unit-test";
		};
		948AE8382F61CB6B0068E959 /* NotEnoughResinsUITests */ = {
			isa = PBXNativeTarget;
			buildConfigurationList = 948AE8492F61CB6B0068E959 /* Build configuration list for PBXNativeTarget "NotEnoughResinsUITests" */;
			buildPhases = (
				948AE8352F61CB6B0068E959 /* Sources */,
				948AE8362F61CB6B0068E959 /* Frameworks */,
				948AE8372F61CB6B0068E959 /* Resources */,
			);
			buildRules = (
			);
			dependencies = (
				948AE83B2F61CB6B0068E959 /* PBXTargetDependency */,
			);
			fileSystemSynchronizedGroups = (
				948AE83C2F61CB6B0068E959 /* NotEnoughResinsUITests */,
			);
			name = NotEnoughResinsUITests;
			packageProductDependencies = (
			);
			productName = NotEnoughResinsUITests;
			productReference = 948AE8392F61CB6B0068E959 /* NotEnoughResinsUITests.xctest */;
			productType = "com.apple.product-type.bundle.ui-testing";
		};
/* End PBXNativeTarget section */

/* Begin PBXProject section */
		948AE81A2F61CB6A0068E959 /* Project object */ = {
			isa = PBXProject;
			attributes = {
				BuildIndependentTargetsInParallel = 1;
				LastSwiftUpdateCheck = 2600;
				LastUpgradeCheck = 2600;
				TargetAttributes = {
					948AE8212F61CB6A0068E959 = {
						CreatedOnToolsVersion = 26.0.1;
					};
					948AE82E2F61CB6B0068E959 = {
						CreatedOnToolsVersion = 26.0.1;
						TestTargetID = 948AE8212F61CB6A0068E959;
					};
					948AE8382F61CB6B0068E959 = {
						CreatedOnToolsVersion = 26.0.1;
						TestTargetID = 948AE8212F61CB6A0068E959;
					};
				};
			};
			buildConfigurationList = 948AE81D2F61CB6A0068E959 /* Build configuration list for PBXProject "NotEnoughResins" */;
			developmentRegion = en;
			hasScannedForEncodings = 0;
			knownRegions = (
				en,
				Base,
			);
			mainGroup = 948AE8192F61CB6A0068E959;
			minimizedProjectReferenceProxies = 1;
			preferredProjectObjectVersion = 77;
			productRefGroup = 948AE8232F61CB6A0068E959 /* Products */;
			projectDirPath = "";
			projectRoot = "";
			targets = (
				948AE8212F61CB6A0068E959 /* NotEnoughResins */,
				948AE82E2F61CB6B0068E959 /* NotEnoughResinsTests */,
				948AE8382F61CB6B0068E959 /* NotEnoughResinsUITests */,
			);
		};
/* End PBXProject section */

/* Begin PBXResourcesBuildPhase section */
		948AE8202F61CB6A0068E959 /* Resources */ = {
			isa = PBXResourcesBuildPhase;
			buildActionMask = 2147483647;
			files = (
			);
			runOnlyForDeploymentPostprocessing = 0;
		};
		948AE82D2F61CB6B0068E959 /* Resources */ = {
			isa = PBXResourcesBuildPhase;
			buildActionMask = 2147483647;
			files = (
			);
			runOnlyForDeploymentPostprocessing = 0;
		};
		948AE8372F61CB6B0068E959 /* Resources */ = {
			isa = PBXResourcesBuildPhase;
			buildActionMask = 2147483647;
			files = (
			);
			runOnlyForDeploymentPostprocessing = 0;
		};
/* End PBXResourcesBuildPhase section */

/* Begin PBXShellScriptBuildPhase section */
		94F550742F630A3E00AAFE27 /* ShellScript */ = {
			isa = PBXShellScriptBuildPhase;
			alwaysOutOfDate = 1;
			buildActionMask = 2147483647;
			files = (
			);
			inputFileListPaths = (
			);
			inputPaths = (
			);
			outputFileListPaths = (
			);
			outputPaths = (
			);
			runOnlyForDeploymentPostprocessing = 0;
			shellPath = /bin/sh;
			shellScript = "export PATH=\"$PATH:/opt/homebrew/bin\"\n\nif which swiftformat >/dev/null; then\n  swiftformat .\nelse\n  echo \"warning: SwiftFormat not installed, download from https://github.com/nicklockwood/SwiftFormat\"\nfi\n\nif which swiftlint > /dev/null; then\n  swiftlint\n  swiftlint autocorrect\nelse\n  echo \"warning: SwiftLint not installed, download from https://github.com/realm/SwiftLint\"\nfi\n";
		};
/* End PBXShellScriptBuildPhase section */

/* Begin PBXSourcesBuildPhase section */
		948AE81E2F61CB6A0068E959 /* Sources */ = {
			isa = PBXSourcesBuildPhase;
			buildActionMask = 2147483647;
			files = (
			);
			runOnlyForDeploymentPostprocessing = 0;
		};
		948AE82B2F61CB6B0068E959 /* Sources */ = {
			isa = PBXSourcesBuildPhase;
			buildActionMask = 2147483647;
			files = (
			);
			runOnlyForDeploymentPostprocessing = 0;
		};
		948AE8352F61CB6B0068E959 /* Sources */ = {
			isa = PBXSourcesBuildPhase;
			buildActionMask = 2147483647;
			files = (
			);
			runOnlyForDeploymentPostprocessing = 0;
		};
/* End PBXSourcesBuildPhase section */

/* Begin PBXTargetDependency section */
		948AE8312F61CB6B0068E959 /* PBXTargetDependency */ = {
			isa = PBXTargetDependency;
			target = 948AE8212F61CB6A0068E959 /* NotEnoughResins */;
			targetProxy = 948AE8302F61CB6B0068E959 /* PBXContainerItemProxy */;
		};
		948AE83B2F61CB6B0068E959 /* PBXTargetDependency */ = {
			isa = PBXTargetDependency;
			target = 948AE8212F61CB6A0068E959 /* NotEnoughResins */;
			targetProxy = 948AE83A2F61CB6B0068E959 /* PBXContainerItemProxy */;
		};
/* End PBXTargetDependency section */

/* Begin XCBuildConfiguration section */
		948AE8412F61CB6B0068E959 /* Debug */ = {
			isa = XCBuildConfiguration;
			buildSettings = {
				ALWAYS_SEARCH_USER_PATHS = NO;
				ASSETCATALOG_COMPILER_GENERATE_SWIFT_ASSET_SYMBOL_EXTENSIONS = YES;
				CLANG_ANALYZER_NONNULL = YES;
				CLANG_ANALYZER_NUMBER_OBJECT_CONVERSION = YES_AGGRESSIVE;
				CLANG_CXX_LANGUAGE_STANDARD = "gnu++20";
				CLANG_ENABLE_MODULES = YES;
				CLANG_ENABLE_OBJC_ARC = YES;
				CLANG_ENABLE_OBJC_WEAK = YES;
				CLANG_WARN_BLOCK_CAPTURE_AUTORELEASING = YES;
				CLANG_WARN_BOOL_CONVERSION = YES;
				CLANG_WARN_COMMA = YES;
				CLANG_WARN_CONSTANT_CONVERSION = YES;
				CLANG_WARN_DEPRECATED_OBJC_IMPLEMENTATIONS = YES;
				CLANG_WARN_DIRECT_OBJC_ISA_USAGE = YES_ERROR;
				CLANG_WARN_DOCUMENTATION_COMMENTS = YES;
				CLANG_WARN_EMPTY_BODY = YES;
				CLANG_WARN_ENUM_CONVERSION = YES;
				CLANG_WARN_INFINITE_RECURSION = YES;
				CLANG_WARN_INT_CONVERSION = YES;
				CLANG_WARN_NON_LITERAL_NULL_CONVERSION = YES;
				CLANG_WARN_OBJC_IMPLICIT_RETAIN_SELF = YES;
				CLANG_WARN_OBJC_LITERAL_CONVERSION = YES;
				CLANG_WARN_OBJC_ROOT_CLASS = YES_ERROR;
				CLANG_WARN_QUOTED_INCLUDE_IN_FRAMEWORK_HEADER = YES;
				CLANG_WARN_RANGE_LOOP_ANALYSIS = YES;
				CLANG_WARN_STRICT_PROTOTYPES = YES;
				CLANG_WARN_SUSPICIOUS_MOVE = YES;
				CLANG_WARN_UNGUARDED_AVAILABILITY = YES_AGGRESSIVE;
				CLANG_WARN_UNREACHABLE_CODE = YES;
				CLANG_WARN__DUPLICATE_METHOD_MATCH = YES;
				COPY_PHASE_STRIP = NO;
				DEBUG_INFORMATION_FORMAT = dwarf;
				ENABLE_STRICT_OBJC_MSGSEND = YES;
				ENABLE_TESTABILITY = YES;
				ENABLE_USER_SCRIPT_SANDBOXING = NO;
				GCC_C_LANGUAGE_STANDARD = gnu17;
				GCC_DYNAMIC_NO_PIC = NO;
				GCC_NO_COMMON_BLOCKS = YES;
				GCC_OPTIMIZATION_LEVEL = 0;
				GCC_PREPROCESSOR_DEFINITIONS = (
					"DEBUG=1",
					"$(inherited)",
				);
				GCC_WARN_64_TO_32_BIT_CONVERSION = YES;
				GCC_WARN_ABOUT_RETURN_TYPE = YES_ERROR;
				GCC_WARN_UNDECLARED_SELECTOR = YES;
				GCC_WARN_UNINITIALIZED_AUTOS = YES_AGGRESSIVE;
				GCC_WARN_UNUSED_FUNCTION = YES;
				GCC_WARN_UNUSED_VARIABLE = YES;
				LOCALIZATION_PREFERS_STRING_CATALOGS = YES;
				MACOSX_DEPLOYMENT_TARGET = 26.0;
				MTL_ENABLE_DEBUG_INFO = INCLUDE_SOURCE;
				MTL_FAST_MATH = YES;
				ONLY_ACTIVE_ARCH = YES;
				SDKROOT = macosx;
				SWIFT_ACTIVE_COMPILATION_CONDITIONS = "DEBUG $(inherited)";
				SWIFT_OPTIMIZATION_LEVEL = "-Onone";
			};
			name = Debug;
		};
		948AE8422F61CB6B0068E959 /* Release */ = {
			isa = XCBuildConfiguration;
			buildSettings = {
				ALWAYS_SEARCH_USER_PATHS = NO;
				ASSETCATALOG_COMPILER_GENERATE_SWIFT_ASSET_SYMBOL_EXTENSIONS = YES;
				CLANG_ANALYZER_NONNULL = YES;
				CLANG_ANALYZER_NUMBER_OBJECT_CONVERSION = YES_AGGRESSIVE;
				CLANG_CXX_LANGUAGE_STANDARD = "gnu++20";
				CLANG_ENABLE_MODULES = YES;
				CLANG_ENABLE_OBJC_ARC = YES;
				CLANG_ENABLE_OBJC_WEAK = YES;
				CLANG_WARN_BLOCK_CAPTURE_AUTORELEASING = YES;
				CLANG_WARN_BOOL_CONVERSION = YES;
				CLANG_WARN_COMMA = YES;
				CLANG_WARN_CONSTANT_CONVERSION = YES;
				CLANG_WARN_DEPRECATED_OBJC_IMPLEMENTATIONS = YES;
				CLANG_WARN_DIRECT_OBJC_ISA_USAGE = YES_ERROR;
				CLANG_WARN_DOCUMENTATION_COMMENTS = YES;
				CLANG_WARN_EMPTY_BODY = YES;
				CLANG_WARN_ENUM_CONVERSION = YES;
				CLANG_WARN_INFINITE_RECURSION = YES;
				CLANG_WARN_INT_CONVERSION = YES;
				CLANG_WARN_NON_LITERAL_NULL_CONVERSION = YES;
				CLANG_WARN_OBJC_IMPLICIT_RETAIN_SELF = YES;
				CLANG_WARN_OBJC_LITERAL_CONVERSION = YES;
				CLANG_WARN_OBJC_ROOT_CLASS = YES_ERROR;
				CLANG_WARN_QUOTED_INCLUDE_IN_FRAMEWORK_HEADER = YES;
				CLANG_WARN_RANGE_LOOP_ANALYSIS = YES;
				CLANG_WARN_STRICT_PROTOTYPES = YES;
				CLANG_WARN_SUSPICIOUS_MOVE = YES;
				CLANG_WARN_UNGUARDED_AVAILABILITY = YES_AGGRESSIVE;
				CLANG_WARN_UNREACHABLE_CODE = YES;
				CLANG_WARN__DUPLICATE_METHOD_MATCH = YES;
				COPY_PHASE_STRIP = NO;
				DEBUG_INFORMATION_FORMAT = "dwarf-with-dsym";
				ENABLE_NS_ASSERTIONS = NO;
				ENABLE_STRICT_OBJC_MSGSEND = YES;
				ENABLE_USER_SCRIPT_SANDBOXING = NO;
				GCC_C_LANGUAGE_STANDARD = gnu17;
				GCC_NO_COMMON_BLOCKS = YES;
				GCC_WARN_64_TO_32_BIT_CONVERSION = YES;
				GCC_WARN_ABOUT_RETURN_TYPE = YES_ERROR;
				GCC_WARN_UNDECLARED_SELECTOR = YES;
				GCC_WARN_UNINITIALIZED_AUTOS = YES_AGGRESSIVE;
				GCC_WARN_UNUSED_FUNCTION = YES;
				GCC_WARN_UNUSED_VARIABLE = YES;
				LOCALIZATION_PREFERS_STRING_CATALOGS = YES;
				MACOSX_DEPLOYMENT_TARGET = 26.0;
				MTL_ENABLE_DEBUG_INFO = NO;
				MTL_FAST_MATH = YES;
				SDKROOT = macosx;
				SWIFT_COMPILATION_MODE = wholemodule;
			};
			name = Release;
		};
		948AE8442F61CB6B0068E959 /* Debug */ = {
			isa = XCBuildConfiguration;
			buildSettings = {
				ASSETCATALOG_COMPILER_APPICON_NAME = AppIcon;
				ASSETCATALOG_COMPILER_GLOBAL_ACCENT_COLOR_NAME = AccentColor;
				CODE_SIGN_STYLE = Automatic;
				COMBINE_HIDPI_IMAGES = YES;
				CURRENT_PROJECT_VERSION = 1;
				ENABLE_APP_SANDBOX = YES;
				ENABLE_PREVIEWS = YES;
				ENABLE_USER_SELECTED_FILES = readonly;
				GENERATE_INFOPLIST_FILE = YES;
				INFOPLIST_KEY_LSUIElement = YES;
				INFOPLIST_KEY_NSHumanReadableCopyright = "";
				LD_RUNPATH_SEARCH_PATHS = (
					"$(inherited)",
					"@executable_path/../Frameworks",
				);
				MARKETING_VERSION = 1.0;
				PRODUCT_BUNDLE_IDENTIFIER = ph0ryn.NotEnoughResins;
				PRODUCT_NAME = "$(TARGET_NAME)";
				REGISTER_APP_GROUPS = YES;
				STRING_CATALOG_GENERATE_SYMBOLS = YES;
				SWIFT_APPROACHABLE_CONCURRENCY = YES;
				SWIFT_DEFAULT_ACTOR_ISOLATION = MainActor;
				SWIFT_EMIT_LOC_STRINGS = YES;
				SWIFT_UPCOMING_FEATURE_MEMBER_IMPORT_VISIBILITY = YES;
				SWIFT_VERSION = 5.0;
			};
			name = Debug;
		};
		948AE8452F61CB6B0068E959 /* Release */ = {
			isa = XCBuildConfiguration;
			buildSettings = {
				ASSETCATALOG_COMPILER_APPICON_NAME = AppIcon;
				ASSETCATALOG_COMPILER_GLOBAL_ACCENT_COLOR_NAME = AccentColor;
				CODE_SIGN_STYLE = Automatic;
				COMBINE_HIDPI_IMAGES = YES;
				CURRENT_PROJECT_VERSION = 1;
				ENABLE_APP_SANDBOX = YES;
				ENABLE_PREVIEWS = YES;
				ENABLE_USER_SELECTED_FILES = readonly;
				GENERATE_INFOPLIST_FILE = YES;
				INFOPLIST_KEY_LSUIElement = YES;
				INFOPLIST_KEY_NSHumanReadableCopyright = "";
				LD_RUNPATH_SEARCH_PATHS = (
					"$(inherited)",
					"@executable_path/../Frameworks",
				);
				MARKETING_VERSION = 1.0;
				PRODUCT_BUNDLE_IDENTIFIER = ph0ryn.NotEnoughResins;
				PRODUCT_NAME = "$(TARGET_NAME)";
				REGISTER_APP_GROUPS = YES;
				STRING_CATALOG_GENERATE_SYMBOLS = YES;
				SWIFT_APPROACHABLE_CONCURRENCY = YES;
				SWIFT_DEFAULT_ACTOR_ISOLATION = MainActor;
				SWIFT_EMIT_LOC_STRINGS = YES;
				SWIFT_UPCOMING_FEATURE_MEMBER_IMPORT_VISIBILITY = YES;
				SWIFT_VERSION = 5.0;
			};
			name = Release;
		};
		948AE8472F61CB6B0068E959 /* Debug */ = {
			isa = XCBuildConfiguration;
			buildSettings = {
				BUNDLE_LOADER = "$(TEST_HOST)";
				CODE_SIGN_STYLE = Automatic;
				CURRENT_PROJECT_VERSION = 1;
				GENERATE_INFOPLIST_FILE = YES;
				MACOSX_DEPLOYMENT_TARGET = 26.0;
				MARKETING_VERSION = 1.0;
				PRODUCT_BUNDLE_IDENTIFIER = ph0ryn.NotEnoughResinsTests;
				PRODUCT_NAME = "$(TARGET_NAME)";
				STRING_CATALOG_GENERATE_SYMBOLS = NO;
				SWIFT_APPROACHABLE_CONCURRENCY = YES;
				SWIFT_EMIT_LOC_STRINGS = NO;
				SWIFT_UPCOMING_FEATURE_MEMBER_IMPORT_VISIBILITY = YES;
				SWIFT_VERSION = 5.0;
				TEST_HOST = "$(BUILT_PRODUCTS_DIR)/NotEnoughResins.app/$(BUNDLE_EXECUTABLE_FOLDER_PATH)/NotEnoughResins";
			};
			name = Debug;
		};
		948AE8482F61CB6B0068E959 /* Release */ = {
			isa = XCBuildConfiguration;
			buildSettings = {
				BUNDLE_LOADER = "$(TEST_HOST)";
				CODE_SIGN_STYLE = Automatic;
				CURRENT_PROJECT_VERSION = 1;
				GENERATE_INFOPLIST_FILE = YES;
				MACOSX_DEPLOYMENT_TARGET = 26.0;
				MARKETING_VERSION = 1.0;
				PRODUCT_BUNDLE_IDENTIFIER = ph0ryn.NotEnoughResinsTests;
				PRODUCT_NAME = "$(TARGET_NAME)";
				STRING_CATALOG_GENERATE_SYMBOLS = NO;
				SWIFT_APPROACHABLE_CONCURRENCY = YES;
				SWIFT_EMIT_LOC_STRINGS = NO;
				SWIFT_UPCOMING_FEATURE_MEMBER_IMPORT_VISIBILITY = YES;
				SWIFT_VERSION = 5.0;
				TEST_HOST = "$(BUILT_PRODUCTS_DIR)/NotEnoughResins.app/$(BUNDLE_EXECUTABLE_FOLDER_PATH)/NotEnoughResins";
			};
			name = Release;
		};
		948AE84A2F61CB6B0068E959 /* Debug */ = {
			isa = XCBuildConfiguration;
			buildSettings = {
				CODE_SIGN_STYLE = Automatic;
				CURRENT_PROJECT_VERSION = 1;
				GENERATE_INFOPLIST_FILE = YES;
				MARKETING_VERSION = 1.0;
				PRODUCT_BUNDLE_IDENTIFIER = ph0ryn.NotEnoughResinsUITests;
				PRODUCT_NAME = "$(TARGET_NAME)";
				STRING_CATALOG_GENERATE_SYMBOLS = NO;
				SWIFT_APPROACHABLE_CONCURRENCY = YES;
				SWIFT_EMIT_LOC_STRINGS = NO;
				SWIFT_UPCOMING_FEATURE_MEMBER_IMPORT_VISIBILITY = YES;
				SWIFT_VERSION = 5.0;
				TEST_TARGET_NAME = NotEnoughResins;
			};
			name = Debug;
		};
		948AE84B2F61CB6B0068E959 /* Release */ = {
			isa = XCBuildConfiguration;
			buildSettings = {
				CODE_SIGN_STYLE = Automatic;
				CURRENT_PROJECT_VERSION = 1;
				GENERATE_INFOPLIST_FILE = YES;
				MARKETING_VERSION = 1.0;
				PRODUCT_BUNDLE_IDENTIFIER = ph0ryn.NotEnoughResinsUITests;
				PRODUCT_NAME = "$(TARGET_NAME)";
				STRING_CATALOG_GENERATE_SYMBOLS = NO;
				SWIFT_APPROACHABLE_CONCURRENCY = YES;
				SWIFT_EMIT_LOC_STRINGS = NO;
				SWIFT_UPCOMING_FEATURE_MEMBER_IMPORT_VISIBILITY = YES;
				SWIFT_VERSION = 5.0;
				TEST_TARGET_NAME = NotEnoughResins;
			};
			name = Release;
		};
/* End XCBuildConfiguration section */

/* Begin XCConfigurationList section */
		948AE81D2F61CB6A0068E959 /* Build configuration list for PBXProject "NotEnoughResins" */ = {
			isa = XCConfigurationList;
			buildConfigurations = (
				948AE8412F61CB6B0068E959 /* Debug */,
				948AE8422F61CB6B0068E959 /* Release */,
			);
			defaultConfigurationIsVisible = 0;
			defaultConfigurationName = Release;
		};
		948AE8432F61CB6B0068E959 /* Build configuration list for PBXNativeTarget "NotEnoughResins" */ = {
			isa = XCConfigurationList;
			buildConfigurations = (
				948AE8442F61CB6B0068E959 /* Debug */,
				948AE8452F61CB6B0068E959 /* Release */,
			);
			defaultConfigurationIsVisible = 0;
			defaultConfigurationName = Release;
		};
		948AE8462F61CB6B0068E959 /* Build configuration list for PBXNativeTarget "NotEnoughResinsTests" */ = {
			isa = XCConfigurationList;
			buildConfigurations = (
				948AE8472F61CB6B0068E959 /* Debug */,
				948AE8482F61CB6B0068E959 /* Release */,
			);
			defaultConfigurationIsVisible = 0;
			defaultConfigurationName = Release;
		};
		948AE8492F61CB6B0068E959 /* Build configuration list for PBXNativeTarget "NotEnoughResinsUITests" */ = {
			isa = XCConfigurationList;
			buildConfigurations = (
				948AE84A2F61CB6B0068E959 /* Debug */,
				948AE84B2F61CB6B0068E959 /* Release */,
			);
			defaultConfigurationIsVisible = 0;
			defaultConfigurationName = Release;
		};
/* End XCConfigurationList section */
	};
	rootObject = 948AE81A2F61CB6A0068E959 /* Project object */;
}
